
Microsoft Visual Studio Solution File, Format Version 12.00
# Visual Studio Version 17
VisualStudioVersion = 17.14.36518.9 d17.14
MinimumVisualStudioVersion = 10.0.40219.1
Project("{FAE04EC0-301F-11D3-BF4B-00C04F79EFBC}") = "OmanClinc", "OmanClinc\OmanClinc.csproj", "{DAD8D1C8-5C54-4C47-9482-FDE5EFA1BA11}"
EndProject
Global
	GlobalSection(SolutionConfigurationPlatforms) = preSolution
		Debug|Any CPU = Debug|Any CPU
		Release|Any CPU = Release|Any CPU
	EndGlobalSection
	GlobalSection(ProjectConfigurationPlatforms) = postSolution
		{DAD8D1C8-5C54-4C47-9482-FDE5EFA1BA11}.Debug|Any CPU.ActiveCfg = Debug|Any CPU
		{DAD8D1C8-5C54-4C47-9482-FDE5EFA1BA11}.Debug|Any CPU.Build.0 = Debug|Any CPU
		{DAD8D1C8-5C54-4C47-9482-FDE5EFA1BA11}.Release|Any CPU.ActiveCfg = Release|Any CPU
		{DAD8D1C8-5C54-4C47-9482-FDE5EFA1BA11}.Release|Any CPU.Build.0 = Release|Any CPU
	EndGlobalSection
	GlobalSection(SolutionProperties) = preSolution
		HideSolutionNode = FALSE
	EndGlobalSection
	GlobalSection(ExtensibilityGlobals) = postSolution
		SolutionGuid = {E3896966-02BA-41A4-B100-9C818E5D2C2D}
	EndGlobalSection
EndGlobal
